
Microsoft Visual Studio Solution File, Format Version 12.00
# Visual Studio 14
VisualStudioVersion = 14.0.25420.1
MinimumVisualStudioVersion = 10.0.40219.1
Project("{FAE04EC0-301F-11D3-BF4B-00C04F79EFBC}") = "colonyserverwrapperdll", "colonyserverwrapper\colonyserverwrapperdll\colonyserverwrapperdll.csproj", "{755AA6D7-8CC3-4A9D-A43B-621E84200C86}"
EndProject
Project("{FAE04EC0-301F-11D3-BF4B-00C04F79EFBC}") = "APIProvider", "APIProvider\src\APIProvider.csproj", "{F44A61C4-9F5F-4C4E-BFE9-EA9CB2834997}"
EndProject
Project("{FAE04EC0-301F-11D3-BF4B-00C04F79EFBC}") = "BaseResearch", "BaseResearch\src\BaseResearch.csproj", "{347E605F-7B37-4F45-BE2C-10CD5D1AF231}"
EndProject
Project("{FAE04EC0-301F-11D3-BF4B-00C04F79EFBC}") = "BlockNPCs", "BlockNPCs\src\BlockNPCs.csproj", "{41A956D0-162C-497C-875B-E6CB0C00C525}"
EndProject
Project("{FAE04EC0-301F-11D3-BF4B-00C04F79EFBC}") = "WorldConverter", "WorldConverter\src\WorldConverter.csproj", "{9FB77173-EADD-43D4-AE72-1AA6E6679259}"
EndProject
Global
	GlobalSection(SolutionConfigurationPlatforms) = preSolution
		Debug|Any CPU = Debug|Any CPU
		Debug|x86 = Debug|x86
		Release|Any CPU = Release|Any CPU
		Release|x86 = Release|x86
	EndGlobalSection
	GlobalSection(ProjectConfigurationPlatforms) = postSolution
		{755AA6D7-8CC3-4A9D-A43B-621E84200C86}.Debug|Any CPU.ActiveCfg = Debug|Any CPU
		{755AA6D7-8CC3-4A9D-A43B-621E84200C86}.Debug|Any CPU.Build.0 = Debug|Any CPU
		{755AA6D7-8CC3-4A9D-A43B-621E84200C86}.Debug|x86.ActiveCfg = Debug|Any CPU
		{755AA6D7-8CC3-4A9D-A43B-621E84200C86}.Debug|x86.Build.0 = Debug|Any CPU
		{755AA6D7-8CC3-4A9D-A43B-621E84200C86}.Release|Any CPU.ActiveCfg = Release|Any CPU
		{755AA6D7-8CC3-4A9D-A43B-621E84200C86}.Release|Any CPU.Build.0 = Release|Any CPU
		{755AA6D7-8CC3-4A9D-A43B-621E84200C86}.Release|x86.ActiveCfg = Release|Any CPU
		{755AA6D7-8CC3-4A9D-A43B-621E84200C86}.Release|x86.Build.0 = Release|Any CPU
		{F44A61C4-9F5F-4C4E-BFE9-EA9CB2834997}.Debug|Any CPU.ActiveCfg = Debug|Any CPU
		{F44A61C4-9F5F-4C4E-BFE9-EA9CB2834997}.Debug|Any CPU.Build.0 = Debug|Any CPU
		{F44A61C4-9F5F-4C4E-BFE9-EA9CB2834997}.Debug|x86.ActiveCfg = Debug|Any CPU
		{F44A61C4-9F5F-4C4E-BFE9-EA9CB2834997}.Debug|x86.Build.0 = Debug|Any CPU
		{F44A61C4-9F5F-4C4E-BFE9-EA9CB2834997}.Release|Any CPU.ActiveCfg = Release|Any CPU
		{F44A61C4-9F5F-4C4E-BFE9-EA9CB2834997}.Release|Any CPU.Build.0 = Release|Any CPU
		{F44A61C4-9F5F-4C4E-BFE9-EA9CB2834997}.Release|x86.ActiveCfg = Release|Any CPU
		{F44A61C4-9F5F-4C4E-BFE9-EA9CB2834997}.Release|x86.Build.0 = Release|Any CPU
		{347E605F-7B37-4F45-BE2C-10CD5D1AF231}.Debug|Any CPU.ActiveCfg = Debug|Any CPU
		{347E605F-7B37-4F45-BE2C-10CD5D1AF231}.Debug|Any CPU.Build.0 = Debug|Any CPU
		{347E605F-7B37-4F45-BE2C-10CD5D1AF231}.Debug|x86.ActiveCfg = Debug|Any CPU
		{347E605F-7B37-4F45-BE2C-10CD5D1AF231}.Debug|x86.Build.0 = Debug|Any CPU
		{347E605F-7B37-4F45-BE2C-10CD5D1AF231}.Release|Any CPU.ActiveCfg = Release|Any CPU
		{347E605F-7B37-4F45-BE2C-10CD5D1AF231}.Release|Any CPU.Build.0 = Release|Any CPU
		{347E605F-7B37-4F45-BE2C-10CD5D1AF231}.Release|x86.ActiveCfg = Release|Any CPU
		{347E605F-7B37-4F45-BE2C-10CD5D1AF231}.Release|x86.Build.0 = Release|Any CPU
		{41A956D0-162C-497C-875B-E6CB0C00C525}.Debug|Any CPU.ActiveCfg = Debug|Any CPU
		{41A956D0-162C-497C-875B-E6CB0C00C525}.Debug|Any CPU.Build.0 = Debug|Any CPU
		{41A956D0-162C-497C-875B-E6CB0C00C525}.Debug|x86.ActiveCfg = Debug|Any CPU
		{41A956D0-162C-497C-875B-E6CB0C00C525}.Debug|x86.Build.0 = Debug|Any CPU
		{41A956D0-162C-497C-875B-E6CB0C00C525}.Release|Any CPU.ActiveCfg = Release|Any CPU
		{41A956D0-162C-497C-875B-E6CB0C00C525}.Release|Any CPU.Build.0 = Release|Any CPU
		{41A956D0-162C-497C-875B-E6CB0C00C525}.Release|x86.ActiveCfg = Release|Any CPU
		{41A956D0-162C-497C-875B-E6CB0C00C525}.Release|x86.Build.0 = Release|Any CPU
		{9FB77173-EADD-43D4-AE72-1AA6E6679259}.Debug|Any CPU.ActiveCfg = Debug|Any CPU
		{9FB77173-EADD-43D4-AE72-1AA6E6679259}.Debug|Any CPU.Build.0 = Debug|Any CPU
		{9FB77173-EADD-43D4-AE72-1AA6E6679259}.Debug|x86.ActiveCfg = Debug|Any CPU
		{9FB77173-EADD-43D4-AE72-1AA6E6679259}.Debug|x86.Build.0 = Debug|Any CPU
		{9FB77173-EADD-43D4-AE72-1AA6E6679259}.Release|Any CPU.ActiveCfg = Release|Any CPU
		{9FB77173-EADD-43D4-AE72-1AA6E6679259}.Release|Any CPU.Build.0 = Release|Any CPU
		{9FB77173-EADD-43D4-AE72-1AA6E6679259}.Release|x86.ActiveCfg = Release|Any CPU
		{9FB77173-EADD-43D4-AE72-1AA6E6679259}.Release|x86.Build.0 = Release|Any CPU
	EndGlobalSection
	GlobalSection(SolutionProperties) = preSolution
		HideSolutionNode = FALSE
	EndGlobalSection
EndGlobal
